
Microsoft Visual Studio Solution File, Format Version 12.00
# Visual Studio Version 17
VisualStudioVersion = 17.0.31912.275
MinimumVisualStudioVersion = 10.0.40219.1
Project("{FAE04EC0-301F-11D3-BF4B-00C04F79EFBC}") = "Captive Portal Login", "Captive Portal Login\Captive Portal Login.csproj", "{B1D1A26B-4F4B-487C-AF9C-6EAB9EDBD636}"
EndProject
Global
	GlobalSection(SolutionConfigurationPlatforms) = preSolution
		Debug|Any CPU = Debug|Any CPU
		Release|Any CPU = Release|Any CPU
	EndGlobalSection
	GlobalSection(ProjectConfigurationPlatforms) = postSolution
		{B1D1A26B-4F4B-487C-AF9C-6EAB9EDBD636}.Debug|Any CPU.ActiveCfg = Debug|Any CPU
		{B1D1A26B-4F4B-487C-AF9C-6EAB9EDBD636}.Debug|Any CPU.Build.0 = Debug|Any CPU
		{B1D1A26B-4F4B-487C-AF9C-6EAB9EDBD636}.Release|Any CPU.ActiveCfg = Release|Any CPU
		{B1D1A26B-4F4B-487C-AF9C-6EAB9EDBD636}.Release|Any CPU.Build.0 = Release|Any CPU
	EndGlobalSection
	GlobalSection(SolutionProperties) = preSolution
		HideSolutionNode = FALSE
	EndGlobalSection
	GlobalSection(ExtensibilityGlobals) = postSolution
		SolutionGuid = {497E1591-4224-4FEB-8D7C-9BAAB456B554}
	EndGlobalSection
EndGlobal
